{
  "name": "scholarWeb",
  "lockfileVersion": 3,
  "requires": true,
  "packages": {
    "": {
      "dependencies": {
        "google-search-results-nodejs": "^2.1.0"
      }
    },
    "node_modules/google-search-results-nodejs": {
      "version": "2.1.0",
      "resolved": "https://registry.npmjs.org/google-search-results-nodejs/-/google-search-results-nodejs-2.1.0.tgz",
      "integrity": "sha512-7jEAoAV/Ful7Q2BxrYrkOst14aqwUvkEUwlRBrYATUylpp/bf3uE9lDgyk9brqbDt61hA2xkAm2sog9orHImVw=="
    }
  }
}
